
Microsoft Visual Studio Solution File, Format Version 12.00
# Visual Studio Version 16
VisualStudioVersion = 25.0.1706.4
MinimumVisualStudioVersion = 10.0.40219.1
Project("{FAE04EC0-301F-11D3-BF4B-00C04F79EFBC}") = "BulkyWeb", "BulkyWeb\BulkyWeb.csproj", "{71884BF4-F9DF-4508-932A-1DBA8D32A877}"
EndProject
Project("{FAE04EC0-301F-11D3-BF4B-00C04F79EFBC}") = "BulkyWebRazor_Temp", "BulkyWebRazor_Temp\BulkyWebRazor_Temp.csproj", "{4048701B-4555-428A-A0E6-F42F83444B02}"
EndProject
Global
	GlobalSection(SolutionConfigurationPlatforms) = preSolution
		Debug|Any CPU = Debug|Any CPU
		Release|Any CPU = Release|Any CPU
	EndGlobalSection
	GlobalSection(ProjectConfigurationPlatforms) = postSolution
		{71884BF4-F9DF-4508-932A-1DBA8D32A877}.Debug|Any CPU.ActiveCfg = Debug|Any CPU
		{71884BF4-F9DF-4508-932A-1DBA8D32A877}.Debug|Any CPU.Build.0 = Debug|Any CPU
		{71884BF4-F9DF-4508-932A-1DBA8D32A877}.Release|Any CPU.ActiveCfg = Release|Any CPU
		{71884BF4-F9DF-4508-932A-1DBA8D32A877}.Release|Any CPU.Build.0 = Release|Any CPU
		{4048701B-4555-428A-A0E6-F42F83444B02}.Debug|Any CPU.ActiveCfg = Debug|Any CPU
		{4048701B-4555-428A-A0E6-F42F83444B02}.Debug|Any CPU.Build.0 = Debug|Any CPU
		{4048701B-4555-428A-A0E6-F42F83444B02}.Release|Any CPU.ActiveCfg = Release|Any CPU
		{4048701B-4555-428A-A0E6-F42F83444B02}.Release|Any CPU.Build.0 = Release|Any CPU
	EndGlobalSection
	GlobalSection(SolutionProperties) = preSolution
		HideSolutionNode = FALSE
	EndGlobalSection
	GlobalSection(ExtensibilityGlobals) = postSolution
		SolutionGuid = {7F4A2510-B472-4743-B218-3F79D9680EA1}
	EndGlobalSection
EndGlobal
